// !$*UTF8*$!
{
	archiveVersion = 1;
	classes = {
	};
	objectVersion = 50;
	objects = {

/* Begin PBXBuildFile section */
		B184C58E262A7EF800C801F5 /* AppDelegate.swift in Sources */ = {isa = PBXBuildFile; fileRef = B184C58D262A7EF800C801F5 /* AppDelegate.swift */; };
		B184C590262A7EF800C801F5 /* SceneDelegate.swift in Sources */ = {isa = PBXBuildFile; fileRef = B184C58F262A7EF800C801F5 /* SceneDelegate.swift */; };
		B184C592262A7EF800C801F5 /* ViewController.swift in Sources */ = {isa = PBXBuildFile; fileRef = B184C591262A7EF800C801F5 /* ViewController.swift */; };
		B184C595262A7EF800C801F5 /* Main.storyboard in Resources */ = {isa = PBXBuildFile; fileRef = B184C593262A7EF800C801F5 /* Main.storyboard */; };
		B184C597262A7EFA00C801F5 /* Assets.xcassets in Resources */ = {isa = PBXBuildFile; fileRef = B184C596262A7EFA00C801F5 /* Assets.xcassets */; };
		B184C59A262A7EFA00C801F5 /* LaunchScreen.storyboard in Resources */ = {isa = PBXBuildFile; fileRef = B184C598262A7EFA00C801F5 /* LaunchScreen.storyboard */; };
/* End PBXBuildFile section */

/* Begin PBXFileReference section */
		B184C58A262A7EF800C801F5 /* CIS55Lab1-MansiChikarmane.app */ = {isa = PBXFileReference; explicitFileType = wrapper.application; includeInIndex = 0; path = "CIS55Lab1-MansiChikarmane.app"; sourceTree = BUILT_PRODUCTS_DIR; };
		B184C58D262A7EF800C801F5 /* AppDelegate.swift */ = {isa = PBXFileReference; lastKnownFileType = sourcecode.swift; path = AppDelegate.swift; sourceTree = "<group>"; };
		B184C58F262A7EF800C801F5 /* SceneDelegate.swift */ = {isa = PBXFileReference; lastKnownFileType = sourcecode.swift; path = SceneDelegate.swift; sourceTree = "<group>"; };
		B184C591262A7EF800C801F5 /* ViewController.swift */ = {isa = PBXFileReference; lastKnownFileType = sourcecode.swift; path = ViewController.swift; sourceTree = "<group>"; };
		B184C594262A7EF800C801F5 /* Base */ = {isa = PBXFileReference; lastKnownFileType = file.storyboard; name = Base; path = Base.lproj/Main.storyboard; sourceTree = "<group>"; };
		B184C596262A7EFA00C801F5 /* Assets.xcassets */ = {isa = PBXFileReference; lastKnownFileType = folder.assetcatalog; path = Assets.xcassets; sourceTree = "<group>"; };
		B184C599262A7EFA00C801F5 /* Base */ = {isa = PBXFileReference; lastKnownFileType = file.storyboard; name = Base; path = Base.lproj/LaunchScreen.storyboard; sourceTree = "<group>"; };
		B184C59B262A7EFA00C801F5 /* Info.plist */ = {isa = PBXFileReference; lastKnownFileType = text.plist.xml; path = Info.plist; sourceTree = "<group>"; };
/* End PBXFileReference section */

/* Begin PBXFrameworksBuildPhase section */
		B184C587262A7EF800C801F5 /* Frameworks */ = {
			isa = PBXFrameworksBuildPhase;
			buildActionMask = 2147483647;
			files = (
			);
			runOnlyForDeploymentPostprocessing = 0;
		};
/* End PBXFrameworksBuildPhase section */

/* Begin PBXGroup section */
		B184C581262A7EF800C801F5 = {
			isa = PBXGroup;
			children = (
				B184C58C262A7EF800C801F5 /* CIS55Lab1-MansiChikarmane */,
				B184C58B262A7EF800C801F5 /* Products */,
			);
			sourceTree = "<group>";
		};
		B184C58B262A7EF800C801F5 /* Products */ = {
			isa = PBXGroup;
			children = (
				B184C58A262A7EF800C801F5 /* CIS55Lab1-MansiChikarmane.app */,
			);
			name = Products;
			sourceTree = "<group>";
		};
		B184C58C262A7EF800C801F5 /* CIS55Lab1-MansiChikarmane */ = {
			isa = PBXGroup;
			children = (
				B184C58D262A7EF800C801F5 /* AppDelegate.swift */,
				B184C58F262A7EF800C801F5 /* SceneDelegate.swift */,
				B184C591262A7EF800C801F5 /* ViewController.swift */,
				B184C593262A7EF800C801F5 /* Main.storyboard */,
				B184C596262A7EFA00C801F5 /* Assets.xcassets */,
				B184C598262A7EFA00C801F5 /* LaunchScreen.storyboard */,
				B184C59B262A7EFA00C801F5 /* Info.plist */,
			);
			path = "CIS55Lab1-MansiChikarmane";
			sourceTree = "<group>";
		};
/* End PBXGroup section */

/* Begin PBXNativeTarget section */
		B184C589262A7EF800C801F5 /* CIS55Lab1-MansiChikarmane */ = {
			isa = PBXNativeTarget;
			buildConfigurationList = B184C59E262A7EFA00C801F5 /* Build configuration list for PBXNativeTarget "CIS55Lab1-MansiChikarmane" */;
			buildPhases = (
				B184C586262A7EF800C801F5 /* Sources */,
				B184C587262A7EF800C801F5 /* Frameworks */,
				B184C588262A7EF800C801F5 /* Resources */,
			);
			buildRules = (
			);
			dependencies = (
			);
			name = "CIS55Lab1-MansiChikarmane";
			productName = "CIS55Lab1-MansiChikarmane";
			productReference = B184C58A262A7EF800C801F5 /* CIS55Lab1-MansiChikarmane.app */;
			productType = "com.apple.product-type.application";
		};
/* End PBXNativeTarget section */

/* Begin PBXProject section */
		B184C582262A7EF800C801F5 /* Project object */ = {
			isa = PBXProject;
			attributes = {
				LastSwiftUpdateCheck = 1240;
				LastUpgradeCheck = 1240;
				TargetAttributes = {
					B184C589262A7EF800C801F5 = {
						CreatedOnToolsVersion = 12.4;
					};
				};
			};
			buildConfigurationList = B184C585262A7EF800C801F5 /* Build configuration list for PBXProject "CIS55Lab1-MansiChikarmane" */;
			compatibilityVersion = "Xcode 9.3";
			developmentRegion = en;
			hasScannedForEncodings = 0;
			knownRegions = (
				en,
				Base,
			);
			mainGroup = B184C581262A7EF800C801F5;
			productRefGroup = B184C58B262A7EF800C801F5 /* Products */;
			projectDirPath = "";
			projectRoot = "";
			targets = (
				B184C589262A7EF800C801F5 /* CIS55Lab1-MansiChikarmane */,
			);
		};
/* End PBXProject section */

/* Begin PBXResourcesBuildPhase section */
		B184C588262A7EF800C801F5 /* Resources */ = {
			isa = PBXResourcesBuildPhase;
			buildActionMask = 2147483647;
			files = (
				B184C59A262A7EFA00C801F5 /* LaunchScreen.storyboard in Resources */,
				B184C597262A7EFA00C801F5 /* Assets.xcassets in Resources */,
				B184C595262A7EF800C801F5 /* Main.storyboard in Resources */,
			);
			runOnlyForDeploymentPostprocessing = 0;
		};
/* End PBXResourcesBuildPhase section */

/* Begin PBXSourcesBuildPhase section */
		B184C586262A7EF800C801F5 /* Sources */ = {
			isa = PBXSourcesBuildPhase;
			buildActionMask = 2147483647;
			files = (
				B184C592262A7EF800C801F5 /* ViewController.swift in Sources */,
				B184C58E262A7EF800C801F5 /* AppDelegate.swift in Sources */,
				B184C590262A7EF800C801F5 /* SceneDelegate.swift in Sources */,
			);
			runOnlyForDeploymentPostprocessing = 0;
		};
/* End PBXSourcesBuildPhase section */

/* Begin PBXVariantGroup section */
		B184C593262A7EF800C801F5 /* Main.storyboard */ = {
			isa = PBXVariantGroup;
			children = (
				B184C594262A7EF800C801F5 /* Base */,
			);
			name = Main.storyboard;
			sourceTree = "<group>";
		};
		B184C598262A7EFA00C801F5 /* LaunchScreen.storyboard */ = {
			isa = PBXVariantGroup;
			children = (
				B184C599262A7EFA00C801F5 /* Base */,
			);
			name = LaunchScreen.storyboard;
			sourceTree = "<group>";
		};
/* End PBXVariantGroup section */

/* Begin XCBuildConfiguration section */
		B184C59C262A7EFA00C801F5 /* Debug */ = {
			isa = XCBuildConfiguration;
			buildSettings = {
				ALWAYS_SEARCH_USER_PATHS = NO;
				CLANG_ANALYZER_NONNULL = YES;
				CLANG_ANALYZER_NUMBER_OBJECT_CONVERSION = YES_AGGRESSIVE;
				CLANG_CXX_LANGUAGE_STANDARD = "gnu++14";
				CLANG_CXX_LIBRARY = "libc++";
				CLANG_ENABLE_MODULES = YES;
				CLANG_ENABLE_OBJC_ARC = YES;
				CLANG_ENABLE_OBJC_WEAK = YES;
				CLANG_WARN_BLOCK_CAPTURE_AUTORELEASING = YES;
				CLANG_WARN_BOOL_CONVERSION = YES;
				CLANG_WARN_COMMA = YES;
				CLANG_WARN_CONSTANT_CONVERSION = YES;
				CLANG_WARN_DEPRECATED_OBJC_IMPLEMENTATIONS = YES;
				CLANG_WARN_DIRECT_OBJC_ISA_USAGE = YES_ERROR;
				CLANG_WARN_DOCUMENTATION_COMMENTS = YES;
				CLANG_WARN_EMPTY_BODY = YES;
				CLANG_WARN_ENUM_CONVERSION = YES;
				CLANG_WARN_INFINITE_RECURSION = YES;
				CLANG_WARN_INT_CONVERSION = YES;
				CLANG_WARN_NON_LITERAL_NULL_CONVERSION = YES;
				CLANG_WARN_OBJC_IMPLICIT_RETAIN_SELF = YES;
				CLANG_WARN_OBJC_LITERAL_CONVERSION = YES;
				CLANG_WARN_OBJC_ROOT_CLASS = YES_ERROR;
				CLANG_WARN_QUOTED_INCLUDE_IN_FRAMEWORK_HEADER = YES;
				CLANG_WARN_RANGE_LOOP_ANALYSIS = YES;
				CLANG_WARN_STRICT_PROTOTYPES = YES;
				CLANG_WARN_SUSPICIOUS_MOVE = YES;
				CLANG_WARN_UNGUARDED_AVAILABILITY = YES_AGGRESSIVE;
				CLANG_WARN_UNREACHABLE_CODE = YES;
				CLANG_WARN__DUPLICATE_METHOD_MATCH = YES;
				COPY_PHASE_STRIP = NO;
				DEBUG_INFORMATION_FORMAT = dwarf;
				ENABLE_STRICT_OBJC_MSGSEND = YES;
				ENABLE_TESTABILITY = YES;
				GCC_C_LANGUAGE_STANDARD = gnu11;
				GCC_DYNAMIC_NO_PIC = NO;
				GCC_NO_COMMON_BLOCKS = YES;
				GCC_OPTIMIZATION_LEVEL = 0;
				GCC_PREPROCESSOR_DEFINITIONS = (
					"DEBUG=1",
					"$(inherited)",
				);
				GCC_WARN_64_TO_32_BIT_CONVERSION = YES;
				GCC_WARN_ABOUT_RETURN_TYPE = YES_ERROR;
				GCC_WARN_UNDECLARED_SELECTOR = YES;
				GCC_WARN_UNINITIALIZED_AUTOS = YES_AGGRESSIVE;
				GCC_WARN_UNUSED_FUNCTION = YES;
				GCC_WARN_UNUSED_VARIABLE = YES;
				IPHONEOS_DEPLOYMENT_TARGET = 14.4;
				MTL_ENABLE_DEBUG_INFO = INCLUDE_SOURCE;
				MTL_FAST_MATH = YES;
				ONLY_ACTIVE_ARCH = YES;
				SDKROOT = iphoneos;
				SWIFT_ACTIVE_COMPILATION_CONDITIONS = DEBUG;
				SWIFT_OPTIMIZATION_LEVEL = "-Onone";
			};
			name = Debug;
		};
		B184C59D262A7EFA00C801F5 /* Release */ = {
			isa = XCBuildConfiguration;
			buildSettings = {
				ALWAYS_SEARCH_USER_PATHS = NO;
				CLANG_ANALYZER_NONNULL = YES;
				CLANG_ANALYZER_NUMBER_OBJECT_CONVERSION = YES_AGGRESSIVE;
				CLANG_CXX_LANGUAGE_STANDARD = "gnu++14";
				CLANG_CXX_LIBRARY = "libc++";
				CLANG_ENABLE_MODULES = YES;
				CLANG_ENABLE_OBJC_ARC = YES;
				CLANG_ENABLE_OBJC_WEAK = YES;
				CLANG_WARN_BLOCK_CAPTURE_AUTORELEASING = YES;
				CLANG_WARN_BOOL_CONVERSION = YES;
				CLANG_WARN_COMMA = YES;
				CLANG_WARN_CONSTANT_CONVERSION = YES;
				CLANG_WARN_DEPRECATED_OBJC_IMPLEMENTATIONS = YES;
				CLANG_WARN_DIRECT_OBJC_ISA_USAGE = YES_ERROR;
				CLANG_WARN_DOCUMENTATION_COMMENTS = YES;
				CLANG_WARN_EMPTY_BODY = YES;
				CLANG_WARN_ENUM_CONVERSION = YES;
				CLANG_WARN_INFINITE_RECURSION = YES;
				CLANG_WARN_INT_CONVERSION = YES;
				CLANG_WARN_NON_LITERAL_NULL_CONVERSION = YES;
				CLANG_WARN_OBJC_IMPLICIT_RETAIN_SELF = YES;
				CLANG_WARN_OBJC_LITERAL_CONVERSION = YES;
				CLANG_WARN_OBJC_ROOT_CLASS = YES_ERROR;
				CLANG_WARN_QUOTED_INCLUDE_IN_FRAMEWORK_HEADER = YES;
				CLANG_WARN_RANGE_LOOP_ANALYSIS = YES;
				CLANG_WARN_STRICT_PROTOTYPES = YES;
				CLANG_WARN_SUSPICIOUS_MOVE = YES;
				CLANG_WARN_UNGUARDED_AVAILABILITY = YES_AGGRESSIVE;
				CLANG_WARN_UNREACHABLE_CODE = YES;
				CLANG_WARN__DUPLICATE_METHOD_MATCH = YES;
				COPY_PHASE_STRIP = NO;
				DEBUG_INFORMATION_FORMAT = "dwarf-with-dsym";
				ENABLE_NS_ASSERTIONS = NO;
				ENABLE_STRICT_OBJC_MSGSEND = YES;
				GCC_C_LANGUAGE_STANDARD = gnu11;
				GCC_NO_COMMON_BLOCKS = YES;
				GCC_WARN_64_TO_32_BIT_CONVERSION = YES;
				GCC_WARN_ABOUT_RETURN_TYPE = YES_ERROR;
				GCC_WARN_UNDECLARED_SELECTOR = YES;
				GCC_WARN_UNINITIALIZED_AUTOS = YES_AGGRESSIVE;
				GCC_WARN_UNUSED_FUNCTION = YES;
				GCC_WARN_UNUSED_VARIABLE = YES;
				IPHONEOS_DEPLOYMENT_TARGET = 14.4;
				MTL_ENABLE_DEBUG_INFO = NO;
				MTL_FAST_MATH = YES;
				SDKROOT = iphoneos;
				SWIFT_COMPILATION_MODE = wholemodule;
				SWIFT_OPTIMIZATION_LEVEL = "-O";
				VALIDATE_PRODUCT = YES;
			};
			name = Release;
		};
		B184C59F262A7EFA00C801F5 /* Debug */ = {
			isa = XCBuildConfiguration;
			buildSettings = {
				ASSETCATALOG_COMPILER_APPICON_NAME = AppIcon;
				ASSETCATALOG_COMPILER_GLOBAL_ACCENT_COLOR_NAME = AccentColor;
				CODE_SIGN_STYLE = Automatic;
				INFOPLIST_FILE = "CIS55Lab1-MansiChikarmane/Info.plist";
				LD_RUNPATH_SEARCH_PATHS = (
					"$(inherited)",
					"@executable_path/Frameworks",
				);
				PRODUCT_BUNDLE_IDENTIFIER = "Mansi-Chikarmane.CIS55Lab1-MansiChikarmane";
				PRODUCT_NAME = "$(TARGET_NAME)";
				SWIFT_VERSION = 5.0;
				TARGETED_DEVICE_FAMILY = "1,2";
			};
			name = Debug;
		};
		B184C5A0262A7EFA00C801F5 /* Release */ = {
			isa = XCBuildConfiguration;
			buildSettings = {
				ASSETCATALOG_COMPILER_APPICON_NAME = AppIcon;
				ASSETCATALOG_COMPILER_GLOBAL_ACCENT_COLOR_NAME = AccentColor;
				CODE_SIGN_STYLE = Automatic;
				INFOPLIST_FILE = "CIS55Lab1-MansiChikarmane/Info.plist";
				LD_RUNPATH_SEARCH_PATHS = (
					"$(inherited)",
					"@executable_path/Frameworks",
				);
				PRODUCT_BUNDLE_IDENTIFIER = "Mansi-Chikarmane.CIS55Lab1-MansiChikarmane";
				PRODUCT_NAME = "$(TARGET_NAME)";
				SWIFT_VERSION = 5.0;
				TARGETED_DEVICE_FAMILY = "1,2";
			};
			name = Release;
		};
/* End XCBuildConfiguration section */

/* Begin XCConfigurationList section */
		B184C585262A7EF800C801F5 /* Build configuration list for PBXProject "CIS55Lab1-MansiChikarmane" */ = {
			isa = XCConfigurationList;
			buildConfigurations = (
				B184C59C262A7EFA00C801F5 /* Debug */,
				B184C59D262A7EFA00C801F5 /* Release */,
			);
			defaultConfigurationIsVisible = 0;
			defaultConfigurationName = Release;
		};
		B184C59E262A7EFA00C801F5 /* Build configuration list for PBXNativeTarget "CIS55Lab1-MansiChikarmane" */ = {
			isa = XCConfigurationList;
			buildConfigurations = (
				B184C59F262A7EFA00C801F5 /* Debug */,
				B184C5A0262A7EFA00C801F5 /* Release */,
			);
			defaultConfigurationIsVisible = 0;
			defaultConfigurationName = Release;
		};
/* End XCConfigurationList section */
	};
	rootObject = B184C582262A7EF800C801F5 /* Project object */;
}
